
Microsoft Visual Studio Solution File, Format Version 12.00
# Visual Studio 15
VisualStudioVersion = 15.0.27130.2036
MinimumVisualStudioVersion = 10.0.40219.1
Project("{9A19103F-16F7-4668-BE54-9A1E7A4F7556}") = "LibraryProjectTemplate", "LibraryProjectTemplate\LibraryProjectTemplate.csproj", "{4E75A25E-FA2E-4133-871F-6395D2FF1E18}"
EndProject
Global
	GlobalSection(SolutionConfigurationPlatforms) = preSolution
		Debug|Any CPU = Debug|Any CPU
		Release|Any CPU = Release|Any CPU
	EndGlobalSection
	GlobalSection(ProjectConfigurationPlatforms) = postSolution
		{4E75A25E-FA2E-4133-871F-6395D2FF1E18}.Debug|Any CPU.ActiveCfg = Debug|Any CPU
		{4E75A25E-FA2E-4133-871F-6395D2FF1E18}.Debug|Any CPU.Build.0 = Debug|Any CPU
		{4E75A25E-FA2E-4133-871F-6395D2FF1E18}.Release|Any CPU.ActiveCfg = Release|Any CPU
		{4E75A25E-FA2E-4133-871F-6395D2FF1E18}.Release|Any CPU.Build.0 = Release|Any CPU
	EndGlobalSection
	GlobalSection(SolutionProperties) = preSolution
		HideSolutionNode = FALSE
	EndGlobalSection
	GlobalSection(ExtensibilityGlobals) = postSolution
		SolutionGuid = {ACD48B3D-9068-4EB7-91D1-C6C72EC96CE4}
	EndGlobalSection
EndGlobal
